// !$*UTF8*$!
{
	archiveVersion = 1;
	classes = {
	};
	objectVersion = 56;
	objects = {

/* Begin PBXBuildFile section */
		CA04DF2229A7E4C400B232FA /* BoringDayTests.swift in Sources */ = {isa = PBXBuildFile; fileRef = CA04DF2129A7E4C400B232FA /* BoringDayTests.swift */; };
		CA627770291E9B3F005BEA18 /* BoringDayApp.swift in Sources */ = {isa = PBXBuildFile; fileRef = CA62776F291E9B3F005BEA18 /* BoringDayApp.swift */; };
		CA627772291E9B3F005BEA18 /* ContentView.swift in Sources */ = {isa = PBXBuildFile; fileRef = CA627771291E9B3F005BEA18 /* ContentView.swift */; };
		CA627774291E9B3F005BEA18 /* Assets.xcassets in Resources */ = {isa = PBXBuildFile; fileRef = CA627773291E9B3F005BEA18 /* Assets.xcassets */; };
		CA627777291E9B3F005BEA18 /* Preview Assets.xcassets in Resources */ = {isa = PBXBuildFile; fileRef = CA627776291E9B3F005BEA18 /* Preview Assets.xcassets */; };
		CA62777F291EAF52005BEA18 /* CompleteView.swift in Sources */ = {isa = PBXBuildFile; fileRef = CA62777E291EAF52005BEA18 /* CompleteView.swift */; };
		CA627781291EAF7C005BEA18 /* WithdrawalView.swift in Sources */ = {isa = PBXBuildFile; fileRef = CA627780291EAF7C005BEA18 /* WithdrawalView.swift */; };
		CA627783291EAFC6005BEA18 /* ProgressView.swift in Sources */ = {isa = PBXBuildFile; fileRef = CA627782291EAFC6005BEA18 /* ProgressView.swift */; };
		CAA59A132929751E00EED2BC /* FilterSheet.swift in Sources */ = {isa = PBXBuildFile; fileRef = CAA59A122929751E00EED2BC /* FilterSheet.swift */; };
/* End PBXBuildFile section */

/* Begin PBXContainerItemProxy section */
		CA04DF2329A7E4C400B232FA /* PBXContainerItemProxy */ = {
			isa = PBXContainerItemProxy;
			containerPortal = CA627764291E9B3E005BEA18 /* Project object */;
			proxyType = 1;
			remoteGlobalIDString = CA62776B291E9B3E005BEA18;
			remoteInfo = BoringDay;
		};
/* End PBXContainerItemProxy section */

/* Begin PBXFileReference section */
		CA04DF1F29A7E4C300B232FA /* BoringDayTests.xctest */ = {isa = PBXFileReference; explicitFileType = wrapper.cfbundle; includeInIndex = 0; path = BoringDayTests.xctest; sourceTree = BUILT_PRODUCTS_DIR; };
		CA04DF2129A7E4C400B232FA /* BoringDayTests.swift */ = {isa = PBXFileReference; lastKnownFileType = sourcecode.swift; path = BoringDayTests.swift; sourceTree = "<group>"; };
		CA084B812925498900C5F9F7 /* Info.plist */ = {isa = PBXFileReference; lastKnownFileType = text.plist; path = Info.plist; sourceTree = "<group>"; };
		CA62776C291E9B3F005BEA18 /* BoringDay.app */ = {isa = PBXFileReference; explicitFileType = wrapper.application; includeInIndex = 0; path = BoringDay.app; sourceTree = BUILT_PRODUCTS_DIR; };
		CA62776F291E9B3F005BEA18 /* BoringDayApp.swift */ = {isa = PBXFileReference; lastKnownFileType = sourcecode.swift; path = BoringDayApp.swift; sourceTree = "<group>"; };
		CA627771291E9B3F005BEA18 /* ContentView.swift */ = {isa = PBXFileReference; lastKnownFileType = sourcecode.swift; path = ContentView.swift; sourceTree = "<group>"; };
		CA627773291E9B3F005BEA18 /* Assets.xcassets */ = {isa = PBXFileReference; lastKnownFileType = folder.assetcatalog; path = Assets.xcassets; sourceTree = "<group>"; };
		CA627776291E9B3F005BEA18 /* Preview Assets.xcassets */ = {isa = PBXFileReference; lastKnownFileType = folder.assetcatalog; path = "Preview Assets.xcassets"; sourceTree = "<group>"; };
		CA62777E291EAF52005BEA18 /* CompleteView.swift */ = {isa = PBXFileReference; lastKnownFileType = sourcecode.swift; path = CompleteView.swift; sourceTree = "<group>"; };
		CA627780291EAF7C005BEA18 /* WithdrawalView.swift */ = {isa = PBXFileReference; lastKnownFileType = sourcecode.swift; path = WithdrawalView.swift; sourceTree = "<group>"; };
		CA627782291EAFC6005BEA18 /* ProgressView.swift */ = {isa = PBXFileReference; lastKnownFileType = sourcecode.swift; path = ProgressView.swift; sourceTree = "<group>"; };
		CAA59A122929751E00EED2BC /* FilterSheet.swift */ = {isa = PBXFileReference; lastKnownFileType = sourcecode.swift; path = FilterSheet.swift; sourceTree = "<group>"; };
/* End PBXFileReference section */

/* Begin PBXFrameworksBuildPhase section */
		CA04DF1C29A7E4C300B232FA /* Frameworks */ = {
			isa = PBXFrameworksBuildPhase;
			buildActionMask = 2147483647;
			files = (
			);
			runOnlyForDeploymentPostprocessing = 0;
		};
		CA627769291E9B3E005BEA18 /* Frameworks */ = {
			isa = PBXFrameworksBuildPhase;
			buildActionMask = 2147483647;
			files = (
			);
			runOnlyForDeploymentPostprocessing = 0;
		};
/* End PBXFrameworksBuildPhase section */

/* Begin PBXGroup section */
		CA04DF2029A7E4C400B232FA /* BoringDayTests */ = {
			isa = PBXGroup;
			children = (
				CA04DF2129A7E4C400B232FA /* BoringDayTests.swift */,
			);
			path = BoringDayTests;
			sourceTree = "<group>";
		};
		CA627763291E9B3E005BEA18 = {
			isa = PBXGroup;
			children = (
				CA62776E291E9B3F005BEA18 /* BoringDay */,
				CA04DF2029A7E4C400B232FA /* BoringDayTests */,
				CA62776D291E9B3F005BEA18 /* Products */,
			);
			sourceTree = "<group>";
		};
		CA62776D291E9B3F005BEA18 /* Products */ = {
			isa = PBXGroup;
			children = (
				CA62776C291E9B3F005BEA18 /* BoringDay.app */,
				CA04DF1F29A7E4C300B232FA /* BoringDayTests.xctest */,
			);
			name = Products;
			sourceTree = "<group>";
		};
		CA62776E291E9B3F005BEA18 /* BoringDay */ = {
			isa = PBXGroup;
			children = (
				CA084B812925498900C5F9F7 /* Info.plist */,
				CA62776F291E9B3F005BEA18 /* BoringDayApp.swift */,
				CA627771291E9B3F005BEA18 /* ContentView.swift */,
				CAA59A11292974F600EED2BC /* Sheets */,
				CA62777D291EA782005BEA18 /* Views */,
				CA627773291E9B3F005BEA18 /* Assets.xcassets */,
				CA627775291E9B3F005BEA18 /* Preview Content */,
			);
			path = BoringDay;
			sourceTree = "<group>";
		};
		CA627775291E9B3F005BEA18 /* Preview Content */ = {
			isa = PBXGroup;
			children = (
				CA627776291E9B3F005BEA18 /* Preview Assets.xcassets */,
			);
			path = "Preview Content";
			sourceTree = "<group>";
		};
		CA62777D291EA782005BEA18 /* Views */ = {
			isa = PBXGroup;
			children = (
				CA62777E291EAF52005BEA18 /* CompleteView.swift */,
				CA627782291EAFC6005BEA18 /* ProgressView.swift */,
				CA627780291EAF7C005BEA18 /* WithdrawalView.swift */,
			);
			path = Views;
			sourceTree = "<group>";
		};
		CAA59A11292974F600EED2BC /* Sheets */ = {
			isa = PBXGroup;
			children = (
				CAA59A122929751E00EED2BC /* FilterSheet.swift */,
			);
			path = Sheets;
			sourceTree = "<group>";
		};
/* End PBXGroup section */

/* Begin PBXNativeTarget section */
		CA04DF1E29A7E4C300B232FA /* BoringDayTests */ = {
			isa = PBXNativeTarget;
			buildConfigurationList = CA04DF2729A7E4C400B232FA /* Build configuration list for PBXNativeTarget "BoringDayTests" */;
			buildPhases = (
				CA04DF1B29A7E4C300B232FA /* Sources */,
				CA04DF1C29A7E4C300B232FA /* Frameworks */,
				CA04DF1D29A7E4C300B232FA /* Resources */,
			);
			buildRules = (
			);
			dependencies = (
				CA04DF2429A7E4C400B232FA /* PBXTargetDependency */,
			);
			name = BoringDayTests;
			productName = BoringDayTests;
			productReference = CA04DF1F29A7E4C300B232FA /* BoringDayTests.xctest */;
			productType = "com.apple.product-type.bundle.unit-test";
		};
		CA62776B291E9B3E005BEA18 /* BoringDay */ = {
			isa = PBXNativeTarget;
			buildConfigurationList = CA62777A291E9B3F005BEA18 /* Build configuration list for PBXNativeTarget "BoringDay" */;
			buildPhases = (
				CA627768291E9B3E005BEA18 /* Sources */,
				CA627769291E9B3E005BEA18 /* Frameworks */,
				CA62776A291E9B3E005BEA18 /* Resources */,
			);
			buildRules = (
			);
			dependencies = (
			);
			name = BoringDay;
			productName = BoringDay;
			productReference = CA62776C291E9B3F005BEA18 /* BoringDay.app */;
			productType = "com.apple.product-type.application";
		};
/* End PBXNativeTarget section */

/* Begin PBXProject section */
		CA627764291E9B3E005BEA18 /* Project object */ = {
			isa = PBXProject;
			attributes = {
				BuildIndependentTargetsInParallel = 1;
				LastSwiftUpdateCheck = 1420;
				LastUpgradeCheck = 1410;
				TargetAttributes = {
					CA04DF1E29A7E4C300B232FA = {
						CreatedOnToolsVersion = 14.2;
						TestTargetID = CA62776B291E9B3E005BEA18;
					};
					CA62776B291E9B3E005BEA18 = {
						CreatedOnToolsVersion = 14.1;
					};
				};
			};
			buildConfigurationList = CA627767291E9B3E005BEA18 /* Build configuration list for PBXProject "BoringDay" */;
			compatibilityVersion = "Xcode 14.0";
			developmentRegion = en;
			hasScannedForEncodings = 0;
			knownRegions = (
				en,
				Base,
			);
			mainGroup = CA627763291E9B3E005BEA18;
			productRefGroup = CA62776D291E9B3F005BEA18 /* Products */;
			projectDirPath = "";
			projectRoot = "";
			targets = (
				CA62776B291E9B3E005BEA18 /* BoringDay */,
				CA04DF1E29A7E4C300B232FA /* BoringDayTests */,
			);
		};
/* End PBXProject section */

/* Begin PBXResourcesBuildPhase section */
		CA04DF1D29A7E4C300B232FA /* Resources */ = {
			isa = PBXResourcesBuildPhase;
			buildActionMask = 2147483647;
			files = (
			);
			runOnlyForDeploymentPostprocessing = 0;
		};
		CA62776A291E9B3E005BEA18 /* Resources */ = {
			isa = PBXResourcesBuildPhase;
			buildActionMask = 2147483647;
			files = (
				CA627777291E9B3F005BEA18 /* Preview Assets.xcassets in Resources */,
				CA627774291E9B3F005BEA18 /* Assets.xcassets in Resources */,
			);
			runOnlyForDeploymentPostprocessing = 0;
		};
/* End PBXResourcesBuildPhase section */

/* Begin PBXSourcesBuildPhase section */
		CA04DF1B29A7E4C300B232FA /* Sources */ = {
			isa = PBXSourcesBuildPhase;
			buildActionMask = 2147483647;
			files = (
				CA04DF2229A7E4C400B232FA /* BoringDayTests.swift in Sources */,
			);
			runOnlyForDeploymentPostprocessing = 0;
		};
		CA627768291E9B3E005BEA18 /* Sources */ = {
			isa = PBXSourcesBuildPhase;
			buildActionMask = 2147483647;
			files = (
				CA627772291E9B3F005BEA18 /* ContentView.swift in Sources */,
				CA627781291EAF7C005BEA18 /* WithdrawalView.swift in Sources */,
				CA627783291EAFC6005BEA18 /* ProgressView.swift in Sources */,
				CA627770291E9B3F005BEA18 /* BoringDayApp.swift in Sources */,
				CA62777F291EAF52005BEA18 /* CompleteView.swift in Sources */,
				CAA59A132929751E00EED2BC /* FilterSheet.swift in Sources */,
			);
			runOnlyForDeploymentPostprocessing = 0;
		};
/* End PBXSourcesBuildPhase section */

/* Begin PBXTargetDependency section */
		CA04DF2429A7E4C400B232FA /* PBXTargetDependency */ = {
			isa = PBXTargetDependency;
			target = CA62776B291E9B3E005BEA18 /* BoringDay */;
			targetProxy = CA04DF2329A7E4C400B232FA /* PBXContainerItemProxy */;
		};
/* End PBXTargetDependency section */

/* Begin XCBuildConfiguration section */
		CA04DF2529A7E4C400B232FA /* Debug */ = {
			isa = XCBuildConfiguration;
			buildSettings = {
				BUNDLE_LOADER = "$(TEST_HOST)";
				CODE_SIGN_STYLE = Automatic;
				CURRENT_PROJECT_VERSION = 1;
				DEVELOPMENT_TEAM = CMWHQAT5B4;
				GENERATE_INFOPLIST_FILE = YES;
				IPHONEOS_DEPLOYMENT_TARGET = 16.2;
				MACOSX_DEPLOYMENT_TARGET = 12.6;
				MARKETING_VERSION = 1.0;
				PRODUCT_BUNDLE_IDENTIFIER = br.ufpe.cin.academy.gfrm.BoringDayTests;
				PRODUCT_NAME = "$(TARGET_NAME)";
				SDKROOT = auto;
				SUPPORTED_PLATFORMS = "iphoneos iphonesimulator macosx";
				SWIFT_EMIT_LOC_STRINGS = NO;
				SWIFT_VERSION = 5.0;
				TARGETED_DEVICE_FAMILY = "1,2";
				TEST_HOST = "$(BUILT_PRODUCTS_DIR)/BoringDay.app/$(BUNDLE_EXECUTABLE_FOLDER_PATH)/BoringDay";
			};
			name = Debug;
		};
		CA04DF2629A7E4C400B232FA /* Release */ = {
			isa = XCBuildConfiguration;
			buildSettings = {
				BUNDLE_LOADER = "$(TEST_HOST)";
				CODE_SIGN_STYLE = Automatic;
				CURRENT_PROJECT_VERSION = 1;
				DEVELOPMENT_TEAM = CMWHQAT5B4;
				GENERATE_INFOPLIST_FILE = YES;
				IPHONEOS_DEPLOYMENT_TARGET = 16.2;
				MACOSX_DEPLOYMENT_TARGET = 12.6;
				MARKETING_VERSION = 1.0;
				PRODUCT_BUNDLE_IDENTIFIER = br.ufpe.cin.academy.gfrm.BoringDayTests;
				PRODUCT_NAME = "$(TARGET_NAME)";
				SDKROOT = auto;
				SUPPORTED_PLATFORMS = "iphoneos iphonesimulator macosx";
				SWIFT_EMIT_LOC_STRINGS = NO;
				SWIFT_VERSION = 5.0;
				TARGETED_DEVICE_FAMILY = "1,2";
				TEST_HOST = "$(BUILT_PRODUCTS_DIR)/BoringDay.app/$(BUNDLE_EXECUTABLE_FOLDER_PATH)/BoringDay";
			};
			name = Release;
		};
		CA627778291E9B3F005BEA18 /* Debug */ = {
			isa = XCBuildConfiguration;
			buildSettings = {
				ALWAYS_SEARCH_USER_PATHS = NO;
				CLANG_ANALYZER_NONNULL = YES;
				CLANG_ANALYZER_NUMBER_OBJECT_CONVERSION = YES_AGGRESSIVE;
				CLANG_CXX_LANGUAGE_STANDARD = "gnu++20";
				CLANG_ENABLE_MODULES = YES;
				CLANG_ENABLE_OBJC_ARC = YES;
				CLANG_ENABLE_OBJC_WEAK = YES;
				CLANG_WARN_BLOCK_CAPTURE_AUTORELEASING = YES;
				CLANG_WARN_BOOL_CONVERSION = YES;
				CLANG_WARN_COMMA = YES;
				CLANG_WARN_CONSTANT_CONVERSION = YES;
				CLANG_WARN_DEPRECATED_OBJC_IMPLEMENTATIONS = YES;
				CLANG_WARN_DIRECT_OBJC_ISA_USAGE = YES_ERROR;
				CLANG_WARN_DOCUMENTATION_COMMENTS = YES;
				CLANG_WARN_EMPTY_BODY = YES;
				CLANG_WARN_ENUM_CONVERSION = YES;
				CLANG_WARN_INFINITE_RECURSION = YES;
				CLANG_WARN_INT_CONVERSION = YES;
				CLANG_WARN_NON_LITERAL_NULL_CONVERSION = YES;
				CLANG_WARN_OBJC_IMPLICIT_RETAIN_SELF = YES;
				CLANG_WARN_OBJC_LITERAL_CONVERSION = YES;
				CLANG_WARN_OBJC_ROOT_CLASS = YES_ERROR;
				CLANG_WARN_QUOTED_INCLUDE_IN_FRAMEWORK_HEADER = YES;
				CLANG_WARN_RANGE_LOOP_ANALYSIS = YES;
				CLANG_WARN_STRICT_PROTOTYPES = YES;
				CLANG_WARN_SUSPICIOUS_MOVE = YES;
				CLANG_WARN_UNGUARDED_AVAILABILITY = YES_AGGRESSIVE;
				CLANG_WARN_UNREACHABLE_CODE = YES;
				CLANG_WARN__DUPLICATE_METHOD_MATCH = YES;
				COPY_PHASE_STRIP = NO;
				DEBUG_INFORMATION_FORMAT = dwarf;
				ENABLE_STRICT_OBJC_MSGSEND = YES;
				ENABLE_TESTABILITY = YES;
				GCC_C_LANGUAGE_STANDARD = gnu11;
				GCC_DYNAMIC_NO_PIC = NO;
				GCC_NO_COMMON_BLOCKS = YES;
				GCC_OPTIMIZATION_LEVEL = 0;
				GCC_PREPROCESSOR_DEFINITIONS = (
					"DEBUG=1",
					"$(inherited)",
				);
				GCC_WARN_64_TO_32_BIT_CONVERSION = YES;
				GCC_WARN_ABOUT_RETURN_TYPE = YES_ERROR;
				GCC_WARN_UNDECLARED_SELECTOR = YES;
				GCC_WARN_UNINITIALIZED_AUTOS = YES_AGGRESSIVE;
				GCC_WARN_UNUSED_FUNCTION = YES;
				GCC_WARN_UNUSED_VARIABLE = YES;
				IPHONEOS_DEPLOYMENT_TARGET = 16.1;
				MTL_ENABLE_DEBUG_INFO = INCLUDE_SOURCE;
				MTL_FAST_MATH = YES;
				ONLY_ACTIVE_ARCH = YES;
				SDKROOT = iphoneos;
				SWIFT_ACTIVE_COMPILATION_CONDITIONS = DEBUG;
				SWIFT_OPTIMIZATION_LEVEL = "-Onone";
			};
			name = Debug;
		};
		CA627779291E9B3F005BEA18 /* Release */ = {
			isa = XCBuildConfiguration;
			buildSettings = {
				ALWAYS_SEARCH_USER_PATHS = NO;
				CLANG_ANALYZER_NONNULL = YES;
				CLANG_ANALYZER_NUMBER_OBJECT_CONVERSION = YES_AGGRESSIVE;
				CLANG_CXX_LANGUAGE_STANDARD = "gnu++20";
				CLANG_ENABLE_MODULES = YES;
				CLANG_ENABLE_OBJC_ARC = YES;
				CLANG_ENABLE_OBJC_WEAK = YES;
				CLANG_WARN_BLOCK_CAPTURE_AUTORELEASING = YES;
				CLANG_WARN_BOOL_CONVERSION = YES;
				CLANG_WARN_COMMA = YES;
				CLANG_WARN_CONSTANT_CONVERSION = YES;
				CLANG_WARN_DEPRECATED_OBJC_IMPLEMENTATIONS = YES;
				CLANG_WARN_DIRECT_OBJC_ISA_USAGE = YES_ERROR;
				CLANG_WARN_DOCUMENTATION_COMMENTS = YES;
				CLANG_WARN_EMPTY_BODY = YES;
				CLANG_WARN_ENUM_CONVERSION = YES;
				CLANG_WARN_INFINITE_RECURSION = YES;
				CLANG_WARN_INT_CONVERSION = YES;
				CLANG_WARN_NON_LITERAL_NULL_CONVERSION = YES;
				CLANG_WARN_OBJC_IMPLICIT_RETAIN_SELF = YES;
				CLANG_WARN_OBJC_LITERAL_CONVERSION = YES;
				CLANG_WARN_OBJC_ROOT_CLASS = YES_ERROR;
				CLANG_WARN_QUOTED_INCLUDE_IN_FRAMEWORK_HEADER = YES;
				CLANG_WARN_RANGE_LOOP_ANALYSIS = YES;
				CLANG_WARN_STRICT_PROTOTYPES = YES;
				CLANG_WARN_SUSPICIOUS_MOVE = YES;
				CLANG_WARN_UNGUARDED_AVAILABILITY = YES_AGGRESSIVE;
				CLANG_WARN_UNREACHABLE_CODE = YES;
				CLANG_WARN__DUPLICATE_METHOD_MATCH = YES;
				COPY_PHASE_STRIP = NO;
				DEBUG_INFORMATION_FORMAT = "dwarf-with-dsym";
				ENABLE_NS_ASSERTIONS = NO;
				ENABLE_STRICT_OBJC_MSGSEND = YES;
				GCC_C_LANGUAGE_STANDARD = gnu11;
				GCC_NO_COMMON_BLOCKS = YES;
				GCC_WARN_64_TO_32_BIT_CONVERSION = YES;
				GCC_WARN_ABOUT_RETURN_TYPE = YES_ERROR;
				GCC_WARN_UNDECLARED_SELECTOR = YES;
				GCC_WARN_UNINITIALIZED_AUTOS = YES_AGGRESSIVE;
				GCC_WARN_UNUSED_FUNCTION = YES;
				GCC_WARN_UNUSED_VARIABLE = YES;
				IPHONEOS_DEPLOYMENT_TARGET = 16.1;
				MTL_ENABLE_DEBUG_INFO = NO;
				MTL_FAST_MATH = YES;
				SDKROOT = iphoneos;
				SWIFT_COMPILATION_MODE = wholemodule;
				SWIFT_OPTIMIZATION_LEVEL = "-O";
				VALIDATE_PRODUCT = YES;
			};
			name = Release;
		};
		CA62777B291E9B3F005BEA18 /* Debug */ = {
			isa = XCBuildConfiguration;
			buildSettings = {
				ASSETCATALOG_COMPILER_APPICON_NAME = AppIcon;
				ASSETCATALOG_COMPILER_GLOBAL_ACCENT_COLOR_NAME = AccentColor;
				CODE_SIGN_STYLE = Automatic;
				CURRENT_PROJECT_VERSION = 1;
				DEVELOPMENT_ASSET_PATHS = "\"BoringDay/Preview Content\"";
				DEVELOPMENT_TEAM = CMWHQAT5B4;
				ENABLE_PREVIEWS = YES;
				GENERATE_INFOPLIST_FILE = YES;
				INFOPLIST_FILE = BoringDay/Info.plist;
				INFOPLIST_KEY_UIApplicationSceneManifest_Generation = YES;
				INFOPLIST_KEY_UIApplicationSupportsIndirectInputEvents = YES;
				INFOPLIST_KEY_UILaunchScreen_Generation = YES;
				INFOPLIST_KEY_UISupportedInterfaceOrientations_iPad = "UIInterfaceOrientationPortrait UIInterfaceOrientationPortraitUpsideDown UIInterfaceOrientationLandscapeLeft UIInterfaceOrientationLandscapeRight";
				INFOPLIST_KEY_UISupportedInterfaceOrientations_iPhone = "UIInterfaceOrientationPortrait UIInterfaceOrientationLandscapeLeft UIInterfaceOrientationLandscapeRight";
				LD_RUNPATH_SEARCH_PATHS = (
					"$(inherited)",
					"@executable_path/Frameworks",
				);
				MARKETING_VERSION = 1.0;
				PRODUCT_BUNDLE_IDENTIFIER = br.ufpe.cin.academy.gfrm.BoringDay;
				PRODUCT_NAME = "$(TARGET_NAME)";
				SWIFT_EMIT_LOC_STRINGS = YES;
				SWIFT_VERSION = 5.0;
				TARGETED_DEVICE_FAMILY = "1,2";
			};
			name = Debug;
		};
		CA62777C291E9B3F005BEA18 /* Release */ = {
			isa = XCBuildConfiguration;
			buildSettings = {
				ASSETCATALOG_COMPILER_APPICON_NAME = AppIcon;
				ASSETCATALOG_COMPILER_GLOBAL_ACCENT_COLOR_NAME = AccentColor;
				CODE_SIGN_STYLE = Automatic;
				CURRENT_PROJECT_VERSION = 1;
				DEVELOPMENT_ASSET_PATHS = "\"BoringDay/Preview Content\"";
				DEVELOPMENT_TEAM = CMWHQAT5B4;
				ENABLE_PREVIEWS = YES;
				GENERATE_INFOPLIST_FILE = YES;
				INFOPLIST_FILE = BoringDay/Info.plist;
				INFOPLIST_KEY_UIApplicationSceneManifest_Generation = YES;
				INFOPLIST_KEY_UIApplicationSupportsIndirectInputEvents = YES;
				INFOPLIST_KEY_UILaunchScreen_Generation = YES;
				INFOPLIST_KEY_UISupportedInterfaceOrientations_iPad = "UIInterfaceOrientationPortrait UIInterfaceOrientationPortraitUpsideDown UIInterfaceOrientationLandscapeLeft UIInterfaceOrientationLandscapeRight";
				INFOPLIST_KEY_UISupportedInterfaceOrientations_iPhone = "UIInterfaceOrientationPortrait UIInterfaceOrientationLandscapeLeft UIInterfaceOrientationLandscapeRight";
				LD_RUNPATH_SEARCH_PATHS = (
					"$(inherited)",
					"@executable_path/Frameworks",
				);
				MARKETING_VERSION = 1.0;
				PRODUCT_BUNDLE_IDENTIFIER = br.ufpe.cin.academy.gfrm.BoringDay;
				PRODUCT_NAME = "$(TARGET_NAME)";
				SWIFT_EMIT_LOC_STRINGS = YES;
				SWIFT_VERSION = 5.0;
				TARGETED_DEVICE_FAMILY = "1,2";
			};
			name = Release;
		};
/* End XCBuildConfiguration section */

/* Begin XCConfigurationList section */
		CA04DF2729A7E4C400B232FA /* Build configuration list for PBXNativeTarget "BoringDayTests" */ = {
			isa = XCConfigurationList;
			buildConfigurations = (
				CA04DF2529A7E4C400B232FA /* Debug */,
				CA04DF2629A7E4C400B232FA /* Release */,
			);
			defaultConfigurationIsVisible = 0;
			defaultConfigurationName = Release;
		};
		CA627767291E9B3E005BEA18 /* Build configuration list for PBXProject "BoringDay" */ = {
			isa = XCConfigurationList;
			buildConfigurations = (
				CA627778291E9B3F005BEA18 /* Debug */,
				CA627779291E9B3F005BEA18 /* Release */,
			);
			defaultConfigurationIsVisible = 0;
			defaultConfigurationName = Release;
		};
		CA62777A291E9B3F005BEA18 /* Build configuration list for PBXNativeTarget "BoringDay" */ = {
			isa = XCConfigurationList;
			buildConfigurations = (
				CA62777B291E9B3F005BEA18 /* Debug */,
				CA62777C291E9B3F005BEA18 /* Release */,
			);
			defaultConfigurationIsVisible = 0;
			defaultConfigurationName = Release;
		};
/* End XCConfigurationList section */
	};
	rootObject = CA627764291E9B3E005BEA18 /* Project object */;
}
